
Microsoft Visual Studio Solution File, Format Version 12.00
# Visual Studio 15
VisualStudioVersion = 15.0.27004.2006
MinimumVisualStudioVersion = 10.0.40219.1
Project("{9A19103F-16F7-4668-BE54-9A1E7A4F7556}") = "RomanNumbers.Library", "RomanNumbers.Library\RomanNumbers.Library.csproj", "{AC97E829-F07F-46C6-B1D9-B371B5BF0AB4}"
EndProject
Project("{FAE04EC0-301F-11D3-BF4B-00C04F79EFBC}") = "RomanNumbers.Library.Tests", "RomanNumbers.Library.Tests\RomanNumbers.Library.Tests.csproj", "{2EDE48B7-0237-4C79-9F56-C42188E20DF5}"
EndProject
Project("{FAE04EC0-301F-11D3-BF4B-00C04F79EFBC}") = "RomanNumbers.Web", "RomanNumbers.Web\RomanNumbers.Web.csproj", "{B92E49F2-EE1D-4310-ACDF-689FC4B821DB}"
EndProject
Project("{FAE04EC0-301F-11D3-BF4B-00C04F79EFBC}") = "RomanNumbers.Web.Tests", "RomanNumbers.Web.Tests\RomanNumbers.Web.Tests.csproj", "{35698EC1-FC14-422A-AC97-B1DC29561B86}"
EndProject
Global
	GlobalSection(SolutionConfigurationPlatforms) = preSolution
		Debug|Any CPU = Debug|Any CPU
		Release|Any CPU = Release|Any CPU
	EndGlobalSection
	GlobalSection(ProjectConfigurationPlatforms) = postSolution
		{AC97E829-F07F-46C6-B1D9-B371B5BF0AB4}.Debug|Any CPU.ActiveCfg = Debug|Any CPU
		{AC97E829-F07F-46C6-B1D9-B371B5BF0AB4}.Debug|Any CPU.Build.0 = Debug|Any CPU
		{AC97E829-F07F-46C6-B1D9-B371B5BF0AB4}.Release|Any CPU.ActiveCfg = Release|Any CPU
		{AC97E829-F07F-46C6-B1D9-B371B5BF0AB4}.Release|Any CPU.Build.0 = Release|Any CPU
		{2EDE48B7-0237-4C79-9F56-C42188E20DF5}.Debug|Any CPU.ActiveCfg = Debug|Any CPU
		{2EDE48B7-0237-4C79-9F56-C42188E20DF5}.Debug|Any CPU.Build.0 = Debug|Any CPU
		{2EDE48B7-0237-4C79-9F56-C42188E20DF5}.Release|Any CPU.ActiveCfg = Release|Any CPU
		{2EDE48B7-0237-4C79-9F56-C42188E20DF5}.Release|Any CPU.Build.0 = Release|Any CPU
		{B92E49F2-EE1D-4310-ACDF-689FC4B821DB}.Debug|Any CPU.ActiveCfg = Debug|Any CPU
		{B92E49F2-EE1D-4310-ACDF-689FC4B821DB}.Debug|Any CPU.Build.0 = Debug|Any CPU
		{B92E49F2-EE1D-4310-ACDF-689FC4B821DB}.Release|Any CPU.ActiveCfg = Release|Any CPU
		{B92E49F2-EE1D-4310-ACDF-689FC4B821DB}.Release|Any CPU.Build.0 = Release|Any CPU
		{35698EC1-FC14-422A-AC97-B1DC29561B86}.Debug|Any CPU.ActiveCfg = Debug|Any CPU
		{35698EC1-FC14-422A-AC97-B1DC29561B86}.Debug|Any CPU.Build.0 = Debug|Any CPU
		{35698EC1-FC14-422A-AC97-B1DC29561B86}.Release|Any CPU.ActiveCfg = Release|Any CPU
		{35698EC1-FC14-422A-AC97-B1DC29561B86}.Release|Any CPU.Build.0 = Release|Any CPU
	EndGlobalSection
	GlobalSection(SolutionProperties) = preSolution
		HideSolutionNode = FALSE
	EndGlobalSection
	GlobalSection(ExtensibilityGlobals) = postSolution
		SolutionGuid = {2438CD7D-CB2A-4F03-B4C7-1A3B868E2614}
	EndGlobalSection
EndGlobal
